
Microsoft Visual Studio Solution File, Format Version 12.00
# Visual Studio 14
VisualStudioVersion = 14.0.25420.1
MinimumVisualStudioVersion = 10.0.40219.1
Project("{FAE04EC0-301F-11D3-BF4B-00C04F79EFBC}") = "SitecoreFootsteps.Modules.LangItemSkipAction", "SitecoreFootsteps.Modules.LangItemSkipAction\SitecoreFootsteps.Modules.LangItemSkipAction.csproj", "{49B7A13E-D223-4A73-B73F-06863D8D1CFA}"
EndProject
Project("{FAE04EC0-301F-11D3-BF4B-00C04F79EFBC}") = "SitecoreFootsteps.Modules.QuickInfoTooltip", "SitecoreFootsteps.Modules.QuickInfoTooltip\SitecoreFootsteps.Modules.QuickInfoTooltip.csproj", "{6E6F2F8D-8C51-4A5F-A67F-4218252B73BA}"
EndProject
Project("{FAE04EC0-301F-11D3-BF4B-00C04F79EFBC}") = "SitecoreFootsteps.Modules.CustomEditorFullPublishOption", "SitecoreFootsteps.Modules.CustomEditorFullPublishOption\SitecoreFootsteps.Modules.CustomEditorFullPublishOption.csproj", "{4F205257-CB38-43C1-A470-5B2CBAC0A5C3}"
EndProject
Global
	GlobalSection(SolutionConfigurationPlatforms) = preSolution
		Debug|Any CPU = Debug|Any CPU
		Release|Any CPU = Release|Any CPU
	EndGlobalSection
	GlobalSection(ProjectConfigurationPlatforms) = postSolution
		{49B7A13E-D223-4A73-B73F-06863D8D1CFA}.Debug|Any CPU.ActiveCfg = Debug|Any CPU
		{49B7A13E-D223-4A73-B73F-06863D8D1CFA}.Debug|Any CPU.Build.0 = Debug|Any CPU
		{49B7A13E-D223-4A73-B73F-06863D8D1CFA}.Release|Any CPU.ActiveCfg = Release|Any CPU
		{49B7A13E-D223-4A73-B73F-06863D8D1CFA}.Release|Any CPU.Build.0 = Release|Any CPU
		{6E6F2F8D-8C51-4A5F-A67F-4218252B73BA}.Debug|Any CPU.ActiveCfg = Debug|Any CPU
		{6E6F2F8D-8C51-4A5F-A67F-4218252B73BA}.Debug|Any CPU.Build.0 = Debug|Any CPU
		{6E6F2F8D-8C51-4A5F-A67F-4218252B73BA}.Release|Any CPU.ActiveCfg = Release|Any CPU
		{6E6F2F8D-8C51-4A5F-A67F-4218252B73BA}.Release|Any CPU.Build.0 = Release|Any CPU
		{4F205257-CB38-43C1-A470-5B2CBAC0A5C3}.Debug|Any CPU.ActiveCfg = Debug|Any CPU
		{4F205257-CB38-43C1-A470-5B2CBAC0A5C3}.Debug|Any CPU.Build.0 = Debug|Any CPU
		{4F205257-CB38-43C1-A470-5B2CBAC0A5C3}.Release|Any CPU.ActiveCfg = Release|Any CPU
		{4F205257-CB38-43C1-A470-5B2CBAC0A5C3}.Release|Any CPU.Build.0 = Release|Any CPU
	EndGlobalSection
	GlobalSection(SolutionProperties) = preSolution
		HideSolutionNode = FALSE
	EndGlobalSection
EndGlobal
